// !$*UTF8*$!
{
	archiveVersion = 1;
	classes = {
	};
	objectVersion = 46;
	objects = {

/* Begin PBXBuildFile section */
		8150A4121C58BB0B0076488E /* avatar.jpg in Resources */ = {isa = PBXBuildFile; fileRef = 8150A4111C58BB0B0076488E /* avatar.jpg */; };
		81BEF8871C5525CF000EA3A3 /* AppDelegate.swift in Sources */ = {isa = PBXBuildFile; fileRef = 81BEF8861C5525CF000EA3A3 /* AppDelegate.swift */; };
		81BEF8891C5525CF000EA3A3 /* ViewController.swift in Sources */ = {isa = PBXBuildFile; fileRef = 81BEF8881C5525CF000EA3A3 /* ViewController.swift */; };
		81BEF88C1C5525CF000EA3A3 /* Main.storyboard in Resources */ = {isa = PBXBuildFile; fileRef = 81BEF88A1C5525CF000EA3A3 /* Main.storyboard */; };
		81BEF88E1C5525CF000EA3A3 /* Assets.xcassets in Resources */ = {isa = PBXBuildFile; fileRef = 81BEF88D1C5525CF000EA3A3 /* Assets.xcassets */; };
		81BEF8911C5525CF000EA3A3 /* LaunchScreen.storyboard in Resources */ = {isa = PBXBuildFile; fileRef = 81BEF88F1C5525CF000EA3A3 /* LaunchScreen.storyboard */; };
		81BEF8961C5525CF000EA3A3 /* WKSessionExample WatchKit App.app in Embed Watch Content */ = {isa = PBXBuildFile; fileRef = 81BEF8951C5525CF000EA3A3 /* WKSessionExample WatchKit App.app */; };
		81BEF89C1C5525CF000EA3A3 /* Interface.storyboard in Resources */ = {isa = PBXBuildFile; fileRef = 81BEF89A1C5525CF000EA3A3 /* Interface.storyboard */; };
		81BEF89E1C5525CF000EA3A3 /* Assets.xcassets in Resources */ = {isa = PBXBuildFile; fileRef = 81BEF89D1C5525CF000EA3A3 /* Assets.xcassets */; };
		81BEF8A51C5525CF000EA3A3 /* WKSessionExample WatchKit Extension.appex in Embed App Extensions */ = {isa = PBXBuildFile; fileRef = 81BEF8A41C5525CF000EA3A3 /* WKSessionExample WatchKit Extension.appex */; settings = {ATTRIBUTES = (RemoveHeadersOnCopy, ); }; };
		81BEF8AA1C5525CF000EA3A3 /* InterfaceController.swift in Sources */ = {isa = PBXBuildFile; fileRef = 81BEF8A91C5525CF000EA3A3 /* InterfaceController.swift */; };
		81BEF8AC1C5525CF000EA3A3 /* ExtensionDelegate.swift in Sources */ = {isa = PBXBuildFile; fileRef = 81BEF8AB1C5525CF000EA3A3 /* ExtensionDelegate.swift */; };
		81BEF8AE1C5525CF000EA3A3 /* Assets.xcassets in Resources */ = {isa = PBXBuildFile; fileRef = 81BEF8AD1C5525CF000EA3A3 /* Assets.xcassets */; };
/* End PBXBuildFile section */

/* Begin PBXContainerItemProxy section */
		81BEF8971C5525CF000EA3A3 /* PBXContainerItemProxy */ = {
			isa = PBXContainerItemProxy;
			containerPortal = 81BEF87B1C5525CF000EA3A3 /* Project object */;
			proxyType = 1;
			remoteGlobalIDString = 81BEF8941C5525CF000EA3A3;
			remoteInfo = "WKSessionExample WatchKit App";
		};
		81BEF8A61C5525CF000EA3A3 /* PBXContainerItemProxy */ = {
			isa = PBXContainerItemProxy;
			containerPortal = 81BEF87B1C5525CF000EA3A3 /* Project object */;
			proxyType = 1;
			remoteGlobalIDString = 81BEF8A31C5525CF000EA3A3;
			remoteInfo = "WKSessionExample WatchKit Extension";
		};
/* End PBXContainerItemProxy section */

/* Begin PBXCopyFilesBuildPhase section */
		81BEF8B51C5525CF000EA3A3 /* Embed App Extensions */ = {
			isa = PBXCopyFilesBuildPhase;
			buildActionMask = 2147483647;
			dstPath = "";
			dstSubfolderSpec = 13;
			files = (
				81BEF8A51C5525CF000EA3A3 /* WKSessionExample WatchKit Extension.appex in Embed App Extensions */,
			);
			name = "Embed App Extensions";
			runOnlyForDeploymentPostprocessing = 0;
		};
		81BEF8B91C5525CF000EA3A3 /* Embed Watch Content */ = {
			isa = PBXCopyFilesBuildPhase;
			buildActionMask = 2147483647;
			dstPath = "$(CONTENTS_FOLDER_PATH)/Watch";
			dstSubfolderSpec = 16;
			files = (
				81BEF8961C5525CF000EA3A3 /* WKSessionExample WatchKit App.app in Embed Watch Content */,
			);
			name = "Embed Watch Content";
			runOnlyForDeploymentPostprocessing = 0;
		};
/* End PBXCopyFilesBuildPhase section */

/* Begin PBXFileReference section */
		8150A4111C58BB0B0076488E /* avatar.jpg */ = {isa = PBXFileReference; lastKnownFileType = image.jpeg; path = avatar.jpg; sourceTree = "<group>"; };
		81BEF8831C5525CF000EA3A3 /* WKSessionExample.app */ = {isa = PBXFileReference; explicitFileType = wrapper.application; includeInIndex = 0; path = WKSessionExample.app; sourceTree = BUILT_PRODUCTS_DIR; };
		81BEF8861C5525CF000EA3A3 /* AppDelegate.swift */ = {isa = PBXFileReference; lastKnownFileType = sourcecode.swift; path = AppDelegate.swift; sourceTree = "<group>"; };
		81BEF8881C5525CF000EA3A3 /* ViewController.swift */ = {isa = PBXFileReference; lastKnownFileType = sourcecode.swift; path = ViewController.swift; sourceTree = "<group>"; };
		81BEF88B1C5525CF000EA3A3 /* Base */ = {isa = PBXFileReference; lastKnownFileType = file.storyboard; name = Base; path = Base.lproj/Main.storyboard; sourceTree = "<group>"; };
		81BEF88D1C5525CF000EA3A3 /* Assets.xcassets */ = {isa = PBXFileReference; lastKnownFileType = folder.assetcatalog; path = Assets.xcassets; sourceTree = "<group>"; };
		81BEF8901C5525CF000EA3A3 /* Base */ = {isa = PBXFileReference; lastKnownFileType = file.storyboard; name = Base; path = Base.lproj/LaunchScreen.storyboard; sourceTree = "<group>"; };
		81BEF8921C5525CF000EA3A3 /* Info.plist */ = {isa = PBXFileReference; lastKnownFileType = text.plist.xml; path = Info.plist; sourceTree = "<group>"; };
		81BEF8951C5525CF000EA3A3 /* WKSessionExample WatchKit App.app */ = {isa = PBXFileReference; explicitFileType = wrapper.application; includeInIndex = 0; path = "WKSessionExample WatchKit App.app"; sourceTree = BUILT_PRODUCTS_DIR; };
		81BEF89B1C5525CF000EA3A3 /* Base */ = {isa = PBXFileReference; lastKnownFileType = file.storyboard; name = Base; path = Base.lproj/Interface.storyboard; sourceTree = "<group>"; };
		81BEF89D1C5525CF000EA3A3 /* Assets.xcassets */ = {isa = PBXFileReference; lastKnownFileType = folder.assetcatalog; path = Assets.xcassets; sourceTree = "<group>"; };
		81BEF89F1C5525CF000EA3A3 /* Info.plist */ = {isa = PBXFileReference; lastKnownFileType = text.plist.xml; path = Info.plist; sourceTree = "<group>"; };
		81BEF8A41C5525CF000EA3A3 /* WKSessionExample WatchKit Extension.appex */ = {isa = PBXFileReference; explicitFileType = "wrapper.app-extension"; includeInIndex = 0; path = "WKSessionExample WatchKit Extension.appex"; sourceTree = BUILT_PRODUCTS_DIR; };
		81BEF8A91C5525CF000EA3A3 /* InterfaceController.swift */ = {isa = PBXFileReference; lastKnownFileType = sourcecode.swift; path = InterfaceController.swift; sourceTree = "<group>"; };
		81BEF8AB1C5525CF000EA3A3 /* ExtensionDelegate.swift */ = {isa = PBXFileReference; lastKnownFileType = sourcecode.swift; path = ExtensionDelegate.swift; sourceTree = "<group>"; };
		81BEF8AD1C5525CF000EA3A3 /* Assets.xcassets */ = {isa = PBXFileReference; lastKnownFileType = folder.assetcatalog; path = Assets.xcassets; sourceTree = "<group>"; };
		81BEF8AF1C5525CF000EA3A3 /* Info.plist */ = {isa = PBXFileReference; lastKnownFileType = text.plist.xml; path = Info.plist; sourceTree = "<group>"; };
/* End PBXFileReference section */

/* Begin PBXFrameworksBuildPhase section */
		81BEF8801C5525CF000EA3A3 /* Frameworks */ = {
			isa = PBXFrameworksBuildPhase;
			buildActionMask = 2147483647;
			files = (
			);
			runOnlyForDeploymentPostprocessing = 0;
		};
		81BEF8A11C5525CF000EA3A3 /* Frameworks */ = {
			isa = PBXFrameworksBuildPhase;
			buildActionMask = 2147483647;
			files = (
			);
			runOnlyForDeploymentPostprocessing = 0;
		};
/* End PBXFrameworksBuildPhase section */

/* Begin PBXGroup section */
		81BEF87A1C5525CF000EA3A3 = {
			isa = PBXGroup;
			children = (
				81BEF8851C5525CF000EA3A3 /* WKSessionExample */,
				81BEF8991C5525CF000EA3A3 /* WKSessionExample WatchKit App */,
				81BEF8A81C5525CF000EA3A3 /* WKSessionExample WatchKit Extension */,
				81BEF8841C5525CF000EA3A3 /* Products */,
			);
			sourceTree = "<group>";
		};
		81BEF8841C5525CF000EA3A3 /* Products */ = {
			isa = PBXGroup;
			children = (
				81BEF8831C5525CF000EA3A3 /* WKSessionExample.app */,
				81BEF8951C5525CF000EA3A3 /* WKSessionExample WatchKit App.app */,
				81BEF8A41C5525CF000EA3A3 /* WKSessionExample WatchKit Extension.appex */,
			);
			name = Products;
			sourceTree = "<group>";
		};
		81BEF8851C5525CF000EA3A3 /* WKSessionExample */ = {
			isa = PBXGroup;
			children = (
				8150A4111C58BB0B0076488E /* avatar.jpg */,
				81BEF8861C5525CF000EA3A3 /* AppDelegate.swift */,
				81BEF8881C5525CF000EA3A3 /* ViewController.swift */,
				81BEF88A1C5525CF000EA3A3 /* Main.storyboard */,
				81BEF88D1C5525CF000EA3A3 /* Assets.xcassets */,
				81BEF88F1C5525CF000EA3A3 /* LaunchScreen.storyboard */,
				81BEF8921C5525CF000EA3A3 /* Info.plist */,
			);
			path = WKSessionExample;
			sourceTree = "<group>";
		};
		81BEF8991C5525CF000EA3A3 /* WKSessionExample WatchKit App */ = {
			isa = PBXGroup;
			children = (
				81BEF89A1C5525CF000EA3A3 /* Interface.storyboard */,
				81BEF89D1C5525CF000EA3A3 /* Assets.xcassets */,
				81BEF89F1C5525CF000EA3A3 /* Info.plist */,
			);
			path = "WKSessionExample WatchKit App";
			sourceTree = "<group>";
		};
		81BEF8A81C5525CF000EA3A3 /* WKSessionExample WatchKit Extension */ = {
			isa = PBXGroup;
			children = (
				81BEF8A91C5525CF000EA3A3 /* InterfaceController.swift */,
				81BEF8AB1C5525CF000EA3A3 /* ExtensionDelegate.swift */,
				81BEF8AD1C5525CF000EA3A3 /* Assets.xcassets */,
				81BEF8AF1C5525CF000EA3A3 /* Info.plist */,
			);
			path = "WKSessionExample WatchKit Extension";
			sourceTree = "<group>";
		};
/* End PBXGroup section */

/* Begin PBXNativeTarget section */
		81BEF8821C5525CF000EA3A3 /* WKSessionExample */ = {
			isa = PBXNativeTarget;
			buildConfigurationList = 81BEF8BA1C5525CF000EA3A3 /* Build configuration list for PBXNativeTarget "WKSessionExample" */;
			buildPhases = (
				81BEF87F1C5525CF000EA3A3 /* Sources */,
				81BEF8801C5525CF000EA3A3 /* Frameworks */,
				81BEF8811C5525CF000EA3A3 /* Resources */,
				81BEF8B91C5525CF000EA3A3 /* Embed Watch Content */,
			);
			buildRules = (
			);
			dependencies = (
				81BEF8981C5525CF000EA3A3 /* PBXTargetDependency */,
			);
			name = WKSessionExample;
			productName = WKSessionExample;
			productReference = 81BEF8831C5525CF000EA3A3 /* WKSessionExample.app */;
			productType = "com.apple.product-type.application";
		};
		81BEF8941C5525CF000EA3A3 /* WKSessionExample WatchKit App */ = {
			isa = PBXNativeTarget;
			buildConfigurationList = 81BEF8B61C5525CF000EA3A3 /* Build configuration list for PBXNativeTarget "WKSessionExample WatchKit App" */;
			buildPhases = (
				81BEF8931C5525CF000EA3A3 /* Resources */,
				81BEF8B51C5525CF000EA3A3 /* Embed App Extensions */,
			);
			buildRules = (
			);
			dependencies = (
				81BEF8A71C5525CF000EA3A3 /* PBXTargetDependency */,
			);
			name = "WKSessionExample WatchKit App";
			productName = "WKSessionExample WatchKit App";
			productReference = 81BEF8951C5525CF000EA3A3 /* WKSessionExample WatchKit App.app */;
			productType = "com.apple.product-type.application.watchapp2";
		};
		81BEF8A31C5525CF000EA3A3 /* WKSessionExample WatchKit Extension */ = {
			isa = PBXNativeTarget;
			buildConfigurationList = 81BEF8B21C5525CF000EA3A3 /* Build configuration list for PBXNativeTarget "WKSessionExample WatchKit Extension" */;
			buildPhases = (
				81BEF8A01C5525CF000EA3A3 /* Sources */,
				81BEF8A11C5525CF000EA3A3 /* Frameworks */,
				81BEF8A21C5525CF000EA3A3 /* Resources */,
			);
			buildRules = (
			);
			dependencies = (
			);
			name = "WKSessionExample WatchKit Extension";
			productName = "WKSessionExample WatchKit Extension";
			productReference = 81BEF8A41C5525CF000EA3A3 /* WKSessionExample WatchKit Extension.appex */;
			productType = "com.apple.product-type.watchkit2-extension";
		};
/* End PBXNativeTarget section */

/* Begin PBXProject section */
		81BEF87B1C5525CF000EA3A3 /* Project object */ = {
			isa = PBXProject;
			attributes = {
				LastSwiftUpdateCheck = 0720;
				LastUpgradeCheck = 0720;
				ORGANIZATIONNAME = "缪哲文";
				TargetAttributes = {
					81BEF8821C5525CF000EA3A3 = {
						CreatedOnToolsVersion = 7.2;
						DevelopmentTeam = 9PR786DTD4;
					};
					81BEF8941C5525CF000EA3A3 = {
						CreatedOnToolsVersion = 7.2;
						DevelopmentTeam = 9PR786DTD4;
					};
					81BEF8A31C5525CF000EA3A3 = {
						CreatedOnToolsVersion = 7.2;
						DevelopmentTeam = 9PR786DTD4;
					};
				};
			};
			buildConfigurationList = 81BEF87E1C5525CF000EA3A3 /* Build configuration list for PBXProject "WKSessionExample" */;
			compatibilityVersion = "Xcode 3.2";
			developmentRegion = English;
			hasScannedForEncodings = 0;
			knownRegions = (
				en,
				Base,
			);
			mainGroup = 81BEF87A1C5525CF000EA3A3;
			productRefGroup = 81BEF8841C5525CF000EA3A3 /* Products */;
			projectDirPath = "";
			projectRoot = "";
			targets = (
				81BEF8821C5525CF000EA3A3 /* WKSessionExample */,
				81BEF8941C5525CF000EA3A3 /* WKSessionExample WatchKit App */,
				81BEF8A31C5525CF000EA3A3 /* WKSessionExample WatchKit Extension */,
			);
		};
/* End PBXProject section */

/* Begin PBXResourcesBuildPhase section */
		81BEF8811C5525CF000EA3A3 /* Resources */ = {
			isa = PBXResourcesBuildPhase;
			buildActionMask = 2147483647;
			files = (
				8150A4121C58BB0B0076488E /* avatar.jpg in Resources */,
				81BEF8911C5525CF000EA3A3 /* LaunchScreen.storyboard in Resources */,
				81BEF88E1C5525CF000EA3A3 /* Assets.xcassets in Resources */,
				81BEF88C1C5525CF000EA3A3 /* Main.storyboard in Resources */,
			);
			runOnlyForDeploymentPostprocessing = 0;
		};
		81BEF8931C5525CF000EA3A3 /* Resources */ = {
			isa = PBXResourcesBuildPhase;
			buildActionMask = 2147483647;
			files = (
				81BEF89E1C5525CF000EA3A3 /* Assets.xcassets in Resources */,
				81BEF89C1C5525CF000EA3A3 /* Interface.storyboard in Resources */,
			);
			runOnlyForDeploymentPostprocessing = 0;
		};
		81BEF8A21C5525CF000EA3A3 /* Resources */ = {
			isa = PBXResourcesBuildPhase;
			buildActionMask = 2147483647;
			files = (
				81BEF8AE1C5525CF000EA3A3 /* Assets.xcassets in Resources */,
			);
			runOnlyForDeploymentPostprocessing = 0;
		};
/* End PBXResourcesBuildPhase section */

/* Begin PBXSourcesBuildPhase section */
		81BEF87F1C5525CF000EA3A3 /* Sources */ = {
			isa = PBXSourcesBuildPhase;
			buildActionMask = 2147483647;
			files = (
				81BEF8891C5525CF000EA3A3 /* ViewController.swift in Sources */,
				81BEF8871C5525CF000EA3A3 /* AppDelegate.swift in Sources */,
			);
			runOnlyForDeploymentPostprocessing = 0;
		};
		81BEF8A01C5525CF000EA3A3 /* Sources */ = {
			isa = PBXSourcesBuildPhase;
			buildActionMask = 2147483647;
			files = (
				81BEF8AC1C5525CF000EA3A3 /* ExtensionDelegate.swift in Sources */,
				81BEF8AA1C5525CF000EA3A3 /* InterfaceController.swift in Sources */,
			);
			runOnlyForDeploymentPostprocessing = 0;
		};
/* End PBXSourcesBuildPhase section */

/* Begin PBXTargetDependency section */
		81BEF8981C5525CF000EA3A3 /* PBXTargetDependency */ = {
			isa = PBXTargetDependency;
			target = 81BEF8941C5525CF000EA3A3 /* WKSessionExample WatchKit App */;
			targetProxy = 81BEF8971C5525CF000EA3A3 /* PBXContainerItemProxy */;
		};
		81BEF8A71C5525CF000EA3A3 /* PBXTargetDependency */ = {
			isa = PBXTargetDependency;
			target = 81BEF8A31C5525CF000EA3A3 /* WKSessionExample WatchKit Extension */;
			targetProxy = 81BEF8A61C5525CF000EA3A3 /* PBXContainerItemProxy */;
		};
/* End PBXTargetDependency section */

/* Begin PBXVariantGroup section */
		81BEF88A1C5525CF000EA3A3 /* Main.storyboard */ = {
			isa = PBXVariantGroup;
			children = (
				81BEF88B1C5525CF000EA3A3 /* Base */,
			);
			name = Main.storyboard;
			sourceTree = "<group>";
		};
		81BEF88F1C5525CF000EA3A3 /* LaunchScreen.storyboard */ = {
			isa = PBXVariantGroup;
			children = (
				81BEF8901C5525CF000EA3A3 /* Base */,
			);
			name = LaunchScreen.storyboard;
			sourceTree = "<group>";
		};
		81BEF89A1C5525CF000EA3A3 /* Interface.storyboard */ = {
			isa = PBXVariantGroup;
			children = (
				81BEF89B1C5525CF000EA3A3 /* Base */,
			);
			name = Interface.storyboard;
			sourceTree = "<group>";
		};
/* End PBXVariantGroup section */

/* Begin XCBuildConfiguration section */
		81BEF8B01C5525CF000EA3A3 /* Debug */ = {
			isa = XCBuildConfiguration;
			buildSettings = {
				ALWAYS_SEARCH_USER_PATHS = NO;
				CLANG_CXX_LANGUAGE_STANDARD = "gnu++0x";
				CLANG_CXX_LIBRARY = "libc++";
				CLANG_ENABLE_MODULES = YES;
				CLANG_ENABLE_OBJC_ARC = YES;
				CLANG_WARN_BOOL_CONVERSION = YES;
				CLANG_WARN_CONSTANT_CONVERSION = YES;
				CLANG_WARN_DIRECT_OBJC_ISA_USAGE = YES_ERROR;
				CLANG_WARN_EMPTY_BODY = YES;
				CLANG_WARN_ENUM_CONVERSION = YES;
				CLANG_WARN_INT_CONVERSION = YES;
				CLANG_WARN_OBJC_ROOT_CLASS = YES_ERROR;
				CLANG_WARN_UNREACHABLE_CODE = YES;
				CLANG_WARN__DUPLICATE_METHOD_MATCH = YES;
				"CODE_SIGN_IDENTITY[sdk=iphoneos*]" = "iPhone Developer";
				COPY_PHASE_STRIP = NO;
				DEBUG_INFORMATION_FORMAT = dwarf;
				ENABLE_STRICT_OBJC_MSGSEND = YES;
				ENABLE_TESTABILITY = YES;
				GCC_C_LANGUAGE_STANDARD = gnu99;
				GCC_DYNAMIC_NO_PIC = NO;
				GCC_NO_COMMON_BLOCKS = YES;
				GCC_OPTIMIZATION_LEVEL = 0;
				GCC_PREPROCESSOR_DEFINITIONS = (
					"DEBUG=1",
					"$(inherited)",
				);
				GCC_WARN_64_TO_32_BIT_CONVERSION = YES;
				GCC_WARN_ABOUT_RETURN_TYPE = YES_ERROR;
				GCC_WARN_UNDECLARED_SELECTOR = YES;
				GCC_WARN_UNINITIALIZED_AUTOS = YES_AGGRESSIVE;
				GCC_WARN_UNUSED_FUNCTION = YES;
				GCC_WARN_UNUSED_VARIABLE = YES;
				IPHONEOS_DEPLOYMENT_TARGET = 9.2;
				MTL_ENABLE_DEBUG_INFO = YES;
				ONLY_ACTIVE_ARCH = YES;
				SDKROOT = iphoneos;
				SWIFT_OPTIMIZATION_LEVEL = "-Onone";
			};
			name = Debug;
		};
		81BEF8B11C5525CF000EA3A3 /* Release */ = {
			isa = XCBuildConfiguration;
			buildSettings = {
				ALWAYS_SEARCH_USER_PATHS = NO;
				CLANG_CXX_LANGUAGE_STANDARD = "gnu++0x";
				CLANG_CXX_LIBRARY = "libc++";
				CLANG_ENABLE_MODULES = YES;
				CLANG_ENABLE_OBJC_ARC = YES;
				CLANG_WARN_BOOL_CONVERSION = YES;
				CLANG_WARN_CONSTANT_CONVERSION = YES;
				CLANG_WARN_DIRECT_OBJC_ISA_USAGE = YES_ERROR;
				CLANG_WARN_EMPTY_BODY = YES;
				CLANG_WARN_ENUM_CONVERSION = YES;
				CLANG_WARN_INT_CONVERSION = YES;
				CLANG_WARN_OBJC_ROOT_CLASS = YES_ERROR;
				CLANG_WARN_UNREACHABLE_CODE = YES;
				CLANG_WARN__DUPLICATE_METHOD_MATCH = YES;
				"CODE_SIGN_IDENTITY[sdk=iphoneos*]" = "iPhone Developer";
				COPY_PHASE_STRIP = NO;
				DEBUG_INFORMATION_FORMAT = "dwarf-with-dsym";
				ENABLE_NS_ASSERTIONS = NO;
				ENABLE_STRICT_OBJC_MSGSEND = YES;
				GCC_C_LANGUAGE_STANDARD = gnu99;
				GCC_NO_COMMON_BLOCKS = YES;
				GCC_WARN_64_TO_32_BIT_CONVERSION = YES;
				GCC_WARN_ABOUT_RETURN_TYPE = YES_ERROR;
				GCC_WARN_UNDECLARED_SELECTOR = YES;
				GCC_WARN_UNINITIALIZED_AUTOS = YES_AGGRESSIVE;
				GCC_WARN_UNUSED_FUNCTION = YES;
				GCC_WARN_UNUSED_VARIABLE = YES;
				IPHONEOS_DEPLOYMENT_TARGET = 9.2;
				MTL_ENABLE_DEBUG_INFO = NO;
				SDKROOT = iphoneos;
				VALIDATE_PRODUCT = YES;
			};
			name = Release;
		};
		81BEF8B31C5525CF000EA3A3 /* Debug */ = {
			isa = XCBuildConfiguration;
			buildSettings = {
				INFOPLIST_FILE = "WKSessionExample WatchKit Extension/Info.plist";
				LD_RUNPATH_SEARCH_PATHS = "$(inherited) @executable_path/Frameworks @executable_path/../../Frameworks";
				PRODUCT_BUNDLE_IDENTIFIER = miao.WKSessionExample.watchkitapp.watchkitextension;
				PRODUCT_NAME = "${TARGET_NAME}";
				SDKROOT = watchos;
				SKIP_INSTALL = YES;
				TARGETED_DEVICE_FAMILY = 4;
				WATCHOS_DEPLOYMENT_TARGET = 2.1;
			};
			name = Debug;
		};
		81BEF8B41C5525CF000EA3A3 /* Release */ = {
			isa = XCBuildConfiguration;
			buildSettings = {
				INFOPLIST_FILE = "WKSessionExample WatchKit Extension/Info.plist";
				LD_RUNPATH_SEARCH_PATHS = "$(inherited) @executable_path/Frameworks @executable_path/../../Frameworks";
				PRODUCT_BUNDLE_IDENTIFIER = miao.WKSessionExample.watchkitapp.watchkitextension;
				PRODUCT_NAME = "${TARGET_NAME}";
				SDKROOT = watchos;
				SKIP_INSTALL = YES;
				TARGETED_DEVICE_FAMILY = 4;
				WATCHOS_DEPLOYMENT_TARGET = 2.1;
			};
			name = Release;
		};
		81BEF8B71C5525CF000EA3A3 /* Debug */ = {
			isa = XCBuildConfiguration;
			buildSettings = {
				ASSETCATALOG_COMPILER_APPICON_NAME = AppIcon;
				EMBEDDED_CONTENT_CONTAINS_SWIFT = YES;
				IBSC_MODULE = WKSessionExample_WatchKit_Extension;
				INFOPLIST_FILE = "WKSessionExample WatchKit App/Info.plist";
				PRODUCT_BUNDLE_IDENTIFIER = miao.WKSessionExample.watchkitapp;
				PRODUCT_NAME = "$(TARGET_NAME)";
				SDKROOT = watchos;
				SKIP_INSTALL = YES;
				TARGETED_DEVICE_FAMILY = 4;
				WATCHOS_DEPLOYMENT_TARGET = 2.1;
			};
			name = Debug;
		};
		81BEF8B81C5525CF000EA3A3 /* Release */ = {
			isa = XCBuildConfiguration;
			buildSettings = {
				ASSETCATALOG_COMPILER_APPICON_NAME = AppIcon;
				EMBEDDED_CONTENT_CONTAINS_SWIFT = YES;
				IBSC_MODULE = WKSessionExample_WatchKit_Extension;
				INFOPLIST_FILE = "WKSessionExample WatchKit App/Info.plist";
				PRODUCT_BUNDLE_IDENTIFIER = miao.WKSessionExample.watchkitapp;
				PRODUCT_NAME = "$(TARGET_NAME)";
				SDKROOT = watchos;
				SKIP_INSTALL = YES;
				TARGETED_DEVICE_FAMILY = 4;
				WATCHOS_DEPLOYMENT_TARGET = 2.1;
			};
			name = Release;
		};
		81BEF8BB1C5525CF000EA3A3 /* Debug */ = {
			isa = XCBuildConfiguration;
			buildSettings = {
				ASSETCATALOG_COMPILER_APPICON_NAME = AppIcon;
				INFOPLIST_FILE = WKSessionExample/Info.plist;
				LD_RUNPATH_SEARCH_PATHS = "$(inherited) @executable_path/Frameworks";
				PRODUCT_BUNDLE_IDENTIFIER = miao.WKSessionExample;
				PRODUCT_NAME = "$(TARGET_NAME)";
			};
			name = Debug;
		};
		81BEF8BC1C5525CF000EA3A3 /* Release */ = {
			isa = XCBuildConfiguration;
			buildSettings = {
				ASSETCATALOG_COMPILER_APPICON_NAME = AppIcon;
				INFOPLIST_FILE = WKSessionExample/Info.plist;
				LD_RUNPATH_SEARCH_PATHS = "$(inherited) @executable_path/Frameworks";
				PRODUCT_BUNDLE_IDENTIFIER = miao.WKSessionExample;
				PRODUCT_NAME = "$(TARGET_NAME)";
			};
			name = Release;
		};
/* End XCBuildConfiguration section */

/* Begin XCConfigurationList section */
		81BEF87E1C5525CF000EA3A3 /* Build configuration list for PBXProject "WKSessionExample" */ = {
			isa = XCConfigurationList;
			buildConfigurations = (
				81BEF8B01C5525CF000EA3A3 /* Debug */,
				81BEF8B11C5525CF000EA3A3 /* Release */,
			);
			defaultConfigurationIsVisible = 0;
			defaultConfigurationName = Release;
		};
		81BEF8B21C5525CF000EA3A3 /* Build configuration list for PBXNativeTarget "WKSessionExample WatchKit Extension" */ = {
			isa = XCConfigurationList;
			buildConfigurations = (
				81BEF8B31C5525CF000EA3A3 /* Debug */,
				81BEF8B41C5525CF000EA3A3 /* Release */,
			);
			defaultConfigurationIsVisible = 0;
			defaultConfigurationName = Release;
		};
		81BEF8B61C5525CF000EA3A3 /* Build configuration list for PBXNativeTarget "WKSessionExample WatchKit App" */ = {
			isa = XCConfigurationList;
			buildConfigurations = (
				81BEF8B71C5525CF000EA3A3 /* Debug */,
				81BEF8B81C5525CF000EA3A3 /* Release */,
			);
			defaultConfigurationIsVisible = 0;
			defaultConfigurationName = Release;
		};
		81BEF8BA1C5525CF000EA3A3 /* Build configuration list for PBXNativeTarget "WKSessionExample" */ = {
			isa = XCConfigurationList;
			buildConfigurations = (
				81BEF8BB1C5525CF000EA3A3 /* Debug */,
				81BEF8BC1C5525CF000EA3A3 /* Release */,
			);
			defaultConfigurationIsVisible = 0;
			defaultConfigurationName = Release;
		};
/* End XCConfigurationList section */
	};
	rootObject = 81BEF87B1C5525CF000EA3A3 /* Project object */;
}
